
Microsoft Visual Studio Solution File, Format Version 12.00
# Visual Studio Version 17
VisualStudioVersion = 17.3.32929.385
MinimumVisualStudioVersion = 10.0.40219.1
Project("{FAE04EC0-301F-11D3-BF4B-00C04F79EFBC}") = "LogsSet", "LogsSet.csproj", "{B64BD578-84AE-4190-A7A8-99D086464661}"
EndProject
Global
	GlobalSection(SolutionConfigurationPlatforms) = preSolution
		Debug|Any CPU = Debug|Any CPU
		Release|Any CPU = Release|Any CPU
	EndGlobalSection
	GlobalSection(ProjectConfigurationPlatforms) = postSolution
		{B64BD578-84AE-4190-A7A8-99D086464661}.Debug|Any CPU.ActiveCfg = Debug|Any CPU
		{B64BD578-84AE-4190-A7A8-99D086464661}.Debug|Any CPU.Build.0 = Debug|Any CPU
		{B64BD578-84AE-4190-A7A8-99D086464661}.Release|Any CPU.ActiveCfg = Release|Any CPU
		{B64BD578-84AE-4190-A7A8-99D086464661}.Release|Any CPU.Build.0 = Release|Any CPU
	EndGlobalSection
	GlobalSection(SolutionProperties) = preSolution
		HideSolutionNode = FALSE
	EndGlobalSection
	GlobalSection(ExtensibilityGlobals) = postSolution
		SolutionGuid = {7356517E-3E98-4CA5-9B30-0691203DF21B}
	EndGlobalSection
EndGlobal
