
Microsoft Visual Studio Solution File, Format Version 12.00
# Visual Studio Version 17
VisualStudioVersion = 17.3.32929.385
MinimumVisualStudioVersion = 10.0.40219.1
Project("{FAE04EC0-301F-11D3-BF4B-00C04F79EFBC}") = "ClientOrders", "ClientOrders.csproj", "{D3AE0C95-4BDB-4645-A63A-B680F4ED6CFE}"
EndProject
Global
	GlobalSection(SolutionConfigurationPlatforms) = preSolution
		Debug|Any CPU = Debug|Any CPU
		Release|Any CPU = Release|Any CPU
	EndGlobalSection
	GlobalSection(ProjectConfigurationPlatforms) = postSolution
		{D3AE0C95-4BDB-4645-A63A-B680F4ED6CFE}.Debug|Any CPU.ActiveCfg = Debug|Any CPU
		{D3AE0C95-4BDB-4645-A63A-B680F4ED6CFE}.Debug|Any CPU.Build.0 = Debug|Any CPU
		{D3AE0C95-4BDB-4645-A63A-B680F4ED6CFE}.Release|Any CPU.ActiveCfg = Release|Any CPU
		{D3AE0C95-4BDB-4645-A63A-B680F4ED6CFE}.Release|Any CPU.Build.0 = Release|Any CPU
	EndGlobalSection
	GlobalSection(SolutionProperties) = preSolution
		HideSolutionNode = FALSE
	EndGlobalSection
	GlobalSection(ExtensibilityGlobals) = postSolution
		SolutionGuid = {4D15624C-A500-4FC9-BDAB-581F9FA48A90}
	EndGlobalSection
EndGlobal
