
Microsoft Visual Studio Solution File, Format Version 12.00
# Visual Studio Version 17
VisualStudioVersion = 17.3.32929.385
MinimumVisualStudioVersion = 10.0.40219.1
Project("{FAE04EC0-301F-11D3-BF4B-00C04F79EFBC}") = "Task table 3", "Task table 3.csproj", "{411B7676-F914-4F33-9AE6-3D5C1DFBE064}"
EndProject
Global
	GlobalSection(SolutionConfigurationPlatforms) = preSolution
		Debug|Any CPU = Debug|Any CPU
		Release|Any CPU = Release|Any CPU
	EndGlobalSection
	GlobalSection(ProjectConfigurationPlatforms) = postSolution
		{411B7676-F914-4F33-9AE6-3D5C1DFBE064}.Debug|Any CPU.ActiveCfg = Debug|Any CPU
		{411B7676-F914-4F33-9AE6-3D5C1DFBE064}.Debug|Any CPU.Build.0 = Debug|Any CPU
		{411B7676-F914-4F33-9AE6-3D5C1DFBE064}.Release|Any CPU.ActiveCfg = Release|Any CPU
		{411B7676-F914-4F33-9AE6-3D5C1DFBE064}.Release|Any CPU.Build.0 = Release|Any CPU
	EndGlobalSection
	GlobalSection(SolutionProperties) = preSolution
		HideSolutionNode = FALSE
	EndGlobalSection
	GlobalSection(ExtensibilityGlobals) = postSolution
		SolutionGuid = {A8B5FFAE-62AB-4306-95E7-ED1954793B37}
	EndGlobalSection
EndGlobal
